// !$*UTF8*$!
{
	archiveVersion = 1;
	classes = {
	};
	objectVersion = 56;
	objects = {

/* Begin PBXBuildFile section */
		A516D9E12B871D4E00AB1F4B /* Swinject in Frameworks */ = {isa = PBXBuildFile; productRef = A516D9E02B871D4E00AB1F4B /* Swinject */; };
		A559A3672B88B0600060AAEB /* MockApiManager.swift in Sources */ = {isa = PBXBuildFile; fileRef = A559A3632B88B0590060AAEB /* MockApiManager.swift */; };
		A559A3682B88B0630060AAEB /* MockRepository.swift in Sources */ = {isa = PBXBuildFile; fileRef = A559A3642B88B0590060AAEB /* MockRepository.swift */; };
		A559A36A2B88BBBE0060AAEB /* RepositoryTestCases.swift in Sources */ = {isa = PBXBuildFile; fileRef = A559A3692B88BBBE0060AAEB /* RepositoryTestCases.swift */; };
		A559A36C2B88BDB20060AAEB /* WeatherViewModelTests.swift in Sources */ = {isa = PBXBuildFile; fileRef = A559A36B2B88BDB20060AAEB /* WeatherViewModelTests.swift */; };
		A5DD0A5E2B862E8A00788599 /* WeatherApp.swift in Sources */ = {isa = PBXBuildFile; fileRef = A5DD0A5D2B862E8A00788599 /* WeatherApp.swift */; };
		A5DD0A622B862E8B00788599 /* Assets.xcassets in Resources */ = {isa = PBXBuildFile; fileRef = A5DD0A612B862E8B00788599 /* Assets.xcassets */; };
		A5DD0A662B862E8B00788599 /* Preview Assets.xcassets in Resources */ = {isa = PBXBuildFile; fileRef = A5DD0A652B862E8B00788599 /* Preview Assets.xcassets */; };
		A5DD0A702B862E8B00788599 /* WeatherAppTests.swift in Sources */ = {isa = PBXBuildFile; fileRef = A5DD0A6F2B862E8B00788599 /* WeatherAppTests.swift */; };
		A5DD0A7A2B862E8B00788599 /* WeatherAppUITests.swift in Sources */ = {isa = PBXBuildFile; fileRef = A5DD0A792B862E8B00788599 /* WeatherAppUITests.swift */; };
		A5DD0A7C2B862E8B00788599 /* WeatherAppUITestsLaunchTests.swift in Sources */ = {isa = PBXBuildFile; fileRef = A5DD0A7B2B862E8B00788599 /* WeatherAppUITestsLaunchTests.swift */; };
		A5DD0A8A2B862F2800788599 /* Strings.swift in Sources */ = {isa = PBXBuildFile; fileRef = A5DD0A892B862F2800788599 /* Strings.swift */; };
		A5DD0A8D2B862F3600788599 /* EncryptionHelper.swift in Sources */ = {isa = PBXBuildFile; fileRef = A5DD0A8C2B862F3600788599 /* EncryptionHelper.swift */; };
		A5DD0A922B862F4000788599 /* NetworkClient.swift in Sources */ = {isa = PBXBuildFile; fileRef = A5DD0A8F2B862F3F00788599 /* NetworkClient.swift */; };
		A5DD0A932B862F4000788599 /* ApiManager.swift in Sources */ = {isa = PBXBuildFile; fileRef = A5DD0A902B862F3F00788599 /* ApiManager.swift */; };
		A5DD0A942B862F4000788599 /* NetworkProtocol.swift in Sources */ = {isa = PBXBuildFile; fileRef = A5DD0A912B862F3F00788599 /* NetworkProtocol.swift */; };
		A5DD0A982B862F4C00788599 /* LocalPreferences.swift in Sources */ = {isa = PBXBuildFile; fileRef = A5DD0A962B862F4C00788599 /* LocalPreferences.swift */; };
		A5DD0A992B862F4C00788599 /* LocalSettingsProtocol.swift in Sources */ = {isa = PBXBuildFile; fileRef = A5DD0A972B862F4C00788599 /* LocalSettingsProtocol.swift */; };
		A5DD0A9C2B862F5400788599 /* AppModule.swift in Sources */ = {isa = PBXBuildFile; fileRef = A5DD0A9B2B862F5400788599 /* AppModule.swift */; };
		A5DD0AA12B862F5B00788599 /* WeatherRepository.swift in Sources */ = {isa = PBXBuildFile; fileRef = A5DD0A9E2B862F5B00788599 /* WeatherRepository.swift */; };
		A5DD0AA22B862F5B00788599 /* RepositoryProtocol.swift in Sources */ = {isa = PBXBuildFile; fileRef = A5DD0A9F2B862F5B00788599 /* RepositoryProtocol.swift */; };
		A5DD0AA32B862F5B00788599 /* BaseRepository.swift in Sources */ = {isa = PBXBuildFile; fileRef = A5DD0AA02B862F5B00788599 /* BaseRepository.swift */; };
		A5DD0AAA2B862F6400788599 /* WeatherDetail.swift in Sources */ = {isa = PBXBuildFile; fileRef = A5DD0AA62B862F6400788599 /* WeatherDetail.swift */; };
		A5DD0AAB2B862F6400788599 /* Resource.swift in Sources */ = {isa = PBXBuildFile; fileRef = A5DD0AA82B862F6400788599 /* Resource.swift */; };
		A5DD0AAC2B862F6400788599 /* Status.swift in Sources */ = {isa = PBXBuildFile; fileRef = A5DD0AA92B862F6400788599 /* Status.swift */; };
		A5DD0AAF2B86305000788599 /* AppSettings.swift in Sources */ = {isa = PBXBuildFile; fileRef = A5DD0AAE2B86305000788599 /* AppSettings.swift */; };
		A5DD0AB22B86307A00788599 /* AnalyticsHelper.swift in Sources */ = {isa = PBXBuildFile; fileRef = A5DD0AB12B86307A00788599 /* AnalyticsHelper.swift */; };
		A5DD0ABE2B86308200788599 /* WeatherListModule.swift in Sources */ = {isa = PBXBuildFile; fileRef = A5DD0AB62B86308200788599 /* WeatherListModule.swift */; };
		A5DD0ABF2B86308200788599 /* WeatherForecastView.swift in Sources */ = {isa = PBXBuildFile; fileRef = A5DD0AB72B86308200788599 /* WeatherForecastView.swift */; };
		A5DD0AC02B86308200788599 /* WeatherViewModel.swift in Sources */ = {isa = PBXBuildFile; fileRef = A5DD0AB82B86308200788599 /* WeatherViewModel.swift */; };
/* End PBXBuildFile section */

/* Begin PBXContainerItemProxy section */
		A5DD0A6C2B862E8B00788599 /* PBXContainerItemProxy */ = {
			isa = PBXContainerItemProxy;
			containerPortal = A5DD0A522B862E8A00788599 /* Project object */;
			proxyType = 1;
			remoteGlobalIDString = A5DD0A592B862E8A00788599;
			remoteInfo = WeatherApp;
		};
		A5DD0A762B862E8B00788599 /* PBXContainerItemProxy */ = {
			isa = PBXContainerItemProxy;
			containerPortal = A5DD0A522B862E8A00788599 /* Project object */;
			proxyType = 1;
			remoteGlobalIDString = A5DD0A592B862E8A00788599;
			remoteInfo = WeatherApp;
		};
/* End PBXContainerItemProxy section */

/* Begin PBXFileReference section */
		A559A3632B88B0590060AAEB /* MockApiManager.swift */ = {isa = PBXFileReference; fileEncoding = 4; lastKnownFileType = sourcecode.swift; path = MockApiManager.swift; sourceTree = "<group>"; };
		A559A3642B88B0590060AAEB /* MockRepository.swift */ = {isa = PBXFileReference; fileEncoding = 4; lastKnownFileType = sourcecode.swift; path = MockRepository.swift; sourceTree = "<group>"; };
		A559A3692B88BBBE0060AAEB /* RepositoryTestCases.swift */ = {isa = PBXFileReference; fileEncoding = 4; lastKnownFileType = sourcecode.swift; path = RepositoryTestCases.swift; sourceTree = "<group>"; };
		A559A36B2B88BDB20060AAEB /* WeatherViewModelTests.swift */ = {isa = PBXFileReference; lastKnownFileType = sourcecode.swift; path = WeatherViewModelTests.swift; sourceTree = "<group>"; };
		A559A36D2B88C4450060AAEB /* Readme.md */ = {isa = PBXFileReference; lastKnownFileType = net.daringfireball.markdown; path = Readme.md; sourceTree = "<group>"; };
		A5DD0A5A2B862E8A00788599 /* WeatherApp.app */ = {isa = PBXFileReference; explicitFileType = wrapper.application; includeInIndex = 0; path = WeatherApp.app; sourceTree = BUILT_PRODUCTS_DIR; };
		A5DD0A5D2B862E8A00788599 /* WeatherApp.swift */ = {isa = PBXFileReference; lastKnownFileType = sourcecode.swift; path = WeatherApp.swift; sourceTree = "<group>"; };
		A5DD0A612B862E8B00788599 /* Assets.xcassets */ = {isa = PBXFileReference; lastKnownFileType = folder.assetcatalog; path = Assets.xcassets; sourceTree = "<group>"; };
		A5DD0A632B862E8B00788599 /* WeatherApp.entitlements */ = {isa = PBXFileReference; lastKnownFileType = text.plist.entitlements; path = WeatherApp.entitlements; sourceTree = "<group>"; };
		A5DD0A652B862E8B00788599 /* Preview Assets.xcassets */ = {isa = PBXFileReference; lastKnownFileType = folder.assetcatalog; path = "Preview Assets.xcassets"; sourceTree = "<group>"; };
		A5DD0A6B2B862E8B00788599 /* WeatherAppTests.xctest */ = {isa = PBXFileReference; explicitFileType = wrapper.cfbundle; includeInIndex = 0; path = WeatherAppTests.xctest; sourceTree = BUILT_PRODUCTS_DIR; };
		A5DD0A6F2B862E8B00788599 /* WeatherAppTests.swift */ = {isa = PBXFileReference; lastKnownFileType = sourcecode.swift; path = WeatherAppTests.swift; sourceTree = "<group>"; };
		A5DD0A752B862E8B00788599 /* WeatherAppUITests.xctest */ = {isa = PBXFileReference; explicitFileType = wrapper.cfbundle; includeInIndex = 0; path = WeatherAppUITests.xctest; sourceTree = BUILT_PRODUCTS_DIR; };
		A5DD0A792B862E8B00788599 /* WeatherAppUITests.swift */ = {isa = PBXFileReference; lastKnownFileType = sourcecode.swift; path = WeatherAppUITests.swift; sourceTree = "<group>"; };
		A5DD0A7B2B862E8B00788599 /* WeatherAppUITestsLaunchTests.swift */ = {isa = PBXFileReference; lastKnownFileType = sourcecode.swift; path = WeatherAppUITestsLaunchTests.swift; sourceTree = "<group>"; };
		A5DD0A892B862F2800788599 /* Strings.swift */ = {isa = PBXFileReference; fileEncoding = 4; lastKnownFileType = sourcecode.swift; path = Strings.swift; sourceTree = "<group>"; };
		A5DD0A8C2B862F3600788599 /* EncryptionHelper.swift */ = {isa = PBXFileReference; fileEncoding = 4; lastKnownFileType = sourcecode.swift; path = EncryptionHelper.swift; sourceTree = "<group>"; };
		A5DD0A8F2B862F3F00788599 /* NetworkClient.swift */ = {isa = PBXFileReference; fileEncoding = 4; lastKnownFileType = sourcecode.swift; path = NetworkClient.swift; sourceTree = "<group>"; };
		A5DD0A902B862F3F00788599 /* ApiManager.swift */ = {isa = PBXFileReference; fileEncoding = 4; lastKnownFileType = sourcecode.swift; path = ApiManager.swift; sourceTree = "<group>"; };
		A5DD0A912B862F3F00788599 /* NetworkProtocol.swift */ = {isa = PBXFileReference; fileEncoding = 4; lastKnownFileType = sourcecode.swift; path = NetworkProtocol.swift; sourceTree = "<group>"; };
		A5DD0A962B862F4C00788599 /* LocalPreferences.swift */ = {isa = PBXFileReference; fileEncoding = 4; lastKnownFileType = sourcecode.swift; path = LocalPreferences.swift; sourceTree = "<group>"; };
		A5DD0A972B862F4C00788599 /* LocalSettingsProtocol.swift */ = {isa = PBXFileReference; fileEncoding = 4; lastKnownFileType = sourcecode.swift; path = LocalSettingsProtocol.swift; sourceTree = "<group>"; };
		A5DD0A9B2B862F5400788599 /* AppModule.swift */ = {isa = PBXFileReference; fileEncoding = 4; lastKnownFileType = sourcecode.swift; path = AppModule.swift; sourceTree = "<group>"; };
		A5DD0A9E2B862F5B00788599 /* WeatherRepository.swift */ = {isa = PBXFileReference; fileEncoding = 4; lastKnownFileType = sourcecode.swift; path = WeatherRepository.swift; sourceTree = "<group>"; };
		A5DD0A9F2B862F5B00788599 /* RepositoryProtocol.swift */ = {isa = PBXFileReference; fileEncoding = 4; lastKnownFileType = sourcecode.swift; path = RepositoryProtocol.swift; sourceTree = "<group>"; };
		A5DD0AA02B862F5B00788599 /* BaseRepository.swift */ = {isa = PBXFileReference; fileEncoding = 4; lastKnownFileType = sourcecode.swift; path = BaseRepository.swift; sourceTree = "<group>"; };
		A5DD0AA62B862F6400788599 /* WeatherDetail.swift */ = {isa = PBXFileReference; fileEncoding = 4; lastKnownFileType = sourcecode.swift; path = WeatherDetail.swift; sourceTree = "<group>"; };
		A5DD0AA82B862F6400788599 /* Resource.swift */ = {isa = PBXFileReference; fileEncoding = 4; lastKnownFileType = sourcecode.swift; path = Resource.swift; sourceTree = "<group>"; };
		A5DD0AA92B862F6400788599 /* Status.swift */ = {isa = PBXFileReference; fileEncoding = 4; lastKnownFileType = sourcecode.swift; path = Status.swift; sourceTree = "<group>"; };
		A5DD0AAE2B86305000788599 /* AppSettings.swift */ = {isa = PBXFileReference; fileEncoding = 4; lastKnownFileType = sourcecode.swift; path = AppSettings.swift; sourceTree = "<group>"; };
		A5DD0AB12B86307A00788599 /* AnalyticsHelper.swift */ = {isa = PBXFileReference; fileEncoding = 4; lastKnownFileType = sourcecode.swift; path = AnalyticsHelper.swift; sourceTree = "<group>"; };
		A5DD0AB62B86308200788599 /* WeatherListModule.swift */ = {isa = PBXFileReference; fileEncoding = 4; lastKnownFileType = sourcecode.swift; path = WeatherListModule.swift; sourceTree = "<group>"; };
		A5DD0AB72B86308200788599 /* WeatherForecastView.swift */ = {isa = PBXFileReference; fileEncoding = 4; lastKnownFileType = sourcecode.swift; path = WeatherForecastView.swift; sourceTree = "<group>"; };
		A5DD0AB82B86308200788599 /* WeatherViewModel.swift */ = {isa = PBXFileReference; fileEncoding = 4; lastKnownFileType = sourcecode.swift; path = WeatherViewModel.swift; sourceTree = "<group>"; };
/* End PBXFileReference section */

/* Begin PBXFrameworksBuildPhase section */
		A5DD0A572B862E8A00788599 /* Frameworks */ = {
			isa = PBXFrameworksBuildPhase;
			buildActionMask = 2147483647;
			files = (
				A516D9E12B871D4E00AB1F4B /* Swinject in Frameworks */,
			);
			runOnlyForDeploymentPostprocessing = 0;
		};
		A5DD0A682B862E8B00788599 /* Frameworks */ = {
			isa = PBXFrameworksBuildPhase;
			buildActionMask = 2147483647;
			files = (
			);
			runOnlyForDeploymentPostprocessing = 0;
		};
		A5DD0A722B862E8B00788599 /* Frameworks */ = {
			isa = PBXFrameworksBuildPhase;
			buildActionMask = 2147483647;
			files = (
			);
			runOnlyForDeploymentPostprocessing = 0;
		};
/* End PBXFrameworksBuildPhase section */

/* Begin PBXGroup section */
		A559A3622B88B0590060AAEB /* Mocks */ = {
			isa = PBXGroup;
			children = (
				A559A3632B88B0590060AAEB /* MockApiManager.swift */,
				A559A3642B88B0590060AAEB /* MockRepository.swift */,
			);
			path = Mocks;
			sourceTree = "<group>";
		};
		A5DD0A512B862E8A00788599 = {
			isa = PBXGroup;
			children = (
				A559A36D2B88C4450060AAEB /* Readme.md */,
				A5DD0A5C2B862E8A00788599 /* WeatherApp */,
				A5DD0A6E2B862E8B00788599 /* WeatherAppTests */,
				A5DD0A782B862E8B00788599 /* WeatherAppUITests */,
				A5DD0A5B2B862E8A00788599 /* Products */,
			);
			sourceTree = "<group>";
		};
		A5DD0A5B2B862E8A00788599 /* Products */ = {
			isa = PBXGroup;
			children = (
				A5DD0A5A2B862E8A00788599 /* WeatherApp.app */,
				A5DD0A6B2B862E8B00788599 /* WeatherAppTests.xctest */,
				A5DD0A752B862E8B00788599 /* WeatherAppUITests.xctest */,
			);
			name = Products;
			sourceTree = "<group>";
		};
		A5DD0A5C2B862E8A00788599 /* WeatherApp */ = {
			isa = PBXGroup;
			children = (
				A5DD0A882B862F2800788599 /* Constants */,
				A5DD0AB32B86308200788599 /* Features */,
				A5DD0AB02B86307A00788599 /* Analytics */,
				A5DD0AAD2B86305000788599 /* AppSettings */,
				A5DD0AA42B862F6400788599 /* Data */,
				A5DD0A9D2B862F5B00788599 /* Repository */,
				A5DD0A9A2B862F5400788599 /* DI */,
				A5DD0A952B862F4C00788599 /* Base */,
				A5DD0A8E2B862F3F00788599 /* Network */,
				A5DD0A8B2B862F3600788599 /* Platform */,
				A5DD0A5D2B862E8A00788599 /* WeatherApp.swift */,
				A5DD0A612B862E8B00788599 /* Assets.xcassets */,
				A5DD0A632B862E8B00788599 /* WeatherApp.entitlements */,
				A5DD0A642B862E8B00788599 /* Preview Content */,
			);
			path = WeatherApp;
			sourceTree = "<group>";
		};
		A5DD0A642B862E8B00788599 /* Preview Content */ = {
			isa = PBXGroup;
			children = (
				A5DD0A652B862E8B00788599 /* Preview Assets.xcassets */,
			);
			path = "Preview Content";
			sourceTree = "<group>";
		};
		A5DD0A6E2B862E8B00788599 /* WeatherAppTests */ = {
			isa = PBXGroup;
			children = (
				A559A3622B88B0590060AAEB /* Mocks */,
				A5DD0A6F2B862E8B00788599 /* WeatherAppTests.swift */,
				A559A36B2B88BDB20060AAEB /* WeatherViewModelTests.swift */,
				A559A3692B88BBBE0060AAEB /* RepositoryTestCases.swift */,
			);
			path = WeatherAppTests;
			sourceTree = "<group>";
		};
		A5DD0A782B862E8B00788599 /* WeatherAppUITests */ = {
			isa = PBXGroup;
			children = (
				A5DD0A792B862E8B00788599 /* WeatherAppUITests.swift */,
				A5DD0A7B2B862E8B00788599 /* WeatherAppUITestsLaunchTests.swift */,
			);
			path = WeatherAppUITests;
			sourceTree = "<group>";
		};
		A5DD0A882B862F2800788599 /* Constants */ = {
			isa = PBXGroup;
			children = (
				A5DD0A892B862F2800788599 /* Strings.swift */,
			);
			path = Constants;
			sourceTree = "<group>";
		};
		A5DD0A8B2B862F3600788599 /* Platform */ = {
			isa = PBXGroup;
			children = (
				A5DD0A8C2B862F3600788599 /* EncryptionHelper.swift */,
			);
			path = Platform;
			sourceTree = "<group>";
		};
		A5DD0A8E2B862F3F00788599 /* Network */ = {
			isa = PBXGroup;
			children = (
				A5DD0A8F2B862F3F00788599 /* NetworkClient.swift */,
				A5DD0A902B862F3F00788599 /* ApiManager.swift */,
				A5DD0A912B862F3F00788599 /* NetworkProtocol.swift */,
			);
			path = Network;
			sourceTree = "<group>";
		};
		A5DD0A952B862F4C00788599 /* Base */ = {
			isa = PBXGroup;
			children = (
				A5DD0A962B862F4C00788599 /* LocalPreferences.swift */,
				A5DD0A972B862F4C00788599 /* LocalSettingsProtocol.swift */,
			);
			path = Base;
			sourceTree = "<group>";
		};
		A5DD0A9A2B862F5400788599 /* DI */ = {
			isa = PBXGroup;
			children = (
				A5DD0A9B2B862F5400788599 /* AppModule.swift */,
			);
			path = DI;
			sourceTree = "<group>";
		};
		A5DD0A9D2B862F5B00788599 /* Repository */ = {
			isa = PBXGroup;
			children = (
				A5DD0A9E2B862F5B00788599 /* WeatherRepository.swift */,
				A5DD0A9F2B862F5B00788599 /* RepositoryProtocol.swift */,
				A5DD0AA02B862F5B00788599 /* BaseRepository.swift */,
			);
			path = Repository;
			sourceTree = "<group>";
		};
		A5DD0AA42B862F6400788599 /* Data */ = {
			isa = PBXGroup;
			children = (
				A5DD0AA52B862F6400788599 /* Entity */,
				A5DD0AA72B862F6400788599 /* Model */,
			);
			path = Data;
			sourceTree = "<group>";
		};
		A5DD0AA52B862F6400788599 /* Entity */ = {
			isa = PBXGroup;
			children = (
				A5DD0AA62B862F6400788599 /* WeatherDetail.swift */,
			);
			path = Entity;
			sourceTree = "<group>";
		};
		A5DD0AA72B862F6400788599 /* Model */ = {
			isa = PBXGroup;
			children = (
				A5DD0AA82B862F6400788599 /* Resource.swift */,
				A5DD0AA92B862F6400788599 /* Status.swift */,
			);
			path = Model;
			sourceTree = "<group>";
		};
		A5DD0AAD2B86305000788599 /* AppSettings */ = {
			isa = PBXGroup;
			children = (
				A5DD0AAE2B86305000788599 /* AppSettings.swift */,
			);
			path = AppSettings;
			sourceTree = "<group>";
		};
		A5DD0AB02B86307A00788599 /* Analytics */ = {
			isa = PBXGroup;
			children = (
				A5DD0AB12B86307A00788599 /* AnalyticsHelper.swift */,
			);
			path = Analytics;
			sourceTree = "<group>";
		};
		A5DD0AB32B86308200788599 /* Features */ = {
			isa = PBXGroup;
			children = (
				A5DD0AB42B86308200788599 /* WeatherForecast */,
			);
			path = Features;
			sourceTree = "<group>";
		};
		A5DD0AB42B86308200788599 /* WeatherForecast */ = {
			isa = PBXGroup;
			children = (
				A5DD0AB52B86308200788599 /* DI */,
				A5DD0AB72B86308200788599 /* WeatherForecastView.swift */,
				A5DD0AB82B86308200788599 /* WeatherViewModel.swift */,
			);
			path = WeatherForecast;
			sourceTree = "<group>";
		};
		A5DD0AB52B86308200788599 /* DI */ = {
			isa = PBXGroup;
			children = (
				A5DD0AB62B86308200788599 /* WeatherListModule.swift */,
			);
			path = DI;
			sourceTree = "<group>";
		};
/* End PBXGroup section */

/* Begin PBXNativeTarget section */
		A5DD0A592B862E8A00788599 /* WeatherApp */ = {
			isa = PBXNativeTarget;
			buildConfigurationList = A5DD0A7F2B862E8B00788599 /* Build configuration list for PBXNativeTarget "WeatherApp" */;
			buildPhases = (
				A5DD0A562B862E8A00788599 /* Sources */,
				A5DD0A572B862E8A00788599 /* Frameworks */,
				A5DD0A582B862E8A00788599 /* Resources */,
			);
			buildRules = (
			);
			dependencies = (
			);
			name = WeatherApp;
			packageProductDependencies = (
				A516D9E02B871D4E00AB1F4B /* Swinject */,
			);
			productName = WeatherApp;
			productReference = A5DD0A5A2B862E8A00788599 /* WeatherApp.app */;
			productType = "com.apple.product-type.application";
		};
		A5DD0A6A2B862E8B00788599 /* WeatherAppTests */ = {
			isa = PBXNativeTarget;
			buildConfigurationList = A5DD0A822B862E8B00788599 /* Build configuration list for PBXNativeTarget "WeatherAppTests" */;
			buildPhases = (
				A5DD0A672B862E8B00788599 /* Sources */,
				A5DD0A682B862E8B00788599 /* Frameworks */,
				A5DD0A692B862E8B00788599 /* Resources */,
			);
			buildRules = (
			);
			dependencies = (
				A5DD0A6D2B862E8B00788599 /* PBXTargetDependency */,
			);
			name = WeatherAppTests;
			productName = WeatherAppTests;
			productReference = A5DD0A6B2B862E8B00788599 /* WeatherAppTests.xctest */;
			productType = "com.apple.product-type.bundle.unit-test";
		};
		A5DD0A742B862E8B00788599 /* WeatherAppUITests */ = {
			isa = PBXNativeTarget;
			buildConfigurationList = A5DD0A852B862E8B00788599 /* Build configuration list for PBXNativeTarget "WeatherAppUITests" */;
			buildPhases = (
				A5DD0A712B862E8B00788599 /* Sources */,
				A5DD0A722B862E8B00788599 /* Frameworks */,
				A5DD0A732B862E8B00788599 /* Resources */,
			);
			buildRules = (
			);
			dependencies = (
				A5DD0A772B862E8B00788599 /* PBXTargetDependency */,
			);
			name = WeatherAppUITests;
			productName = WeatherAppUITests;
			productReference = A5DD0A752B862E8B00788599 /* WeatherAppUITests.xctest */;
			productType = "com.apple.product-type.bundle.ui-testing";
		};
/* End PBXNativeTarget section */

/* Begin PBXProject section */
		A5DD0A522B862E8A00788599 /* Project object */ = {
			isa = PBXProject;
			attributes = {
				BuildIndependentTargetsInParallel = 1;
				LastSwiftUpdateCheck = 1520;
				LastUpgradeCheck = 1520;
				TargetAttributes = {
					A5DD0A592B862E8A00788599 = {
						CreatedOnToolsVersion = 15.2;
					};
					A5DD0A6A2B862E8B00788599 = {
						CreatedOnToolsVersion = 15.2;
						TestTargetID = A5DD0A592B862E8A00788599;
					};
					A5DD0A742B862E8B00788599 = {
						CreatedOnToolsVersion = 15.2;
						TestTargetID = A5DD0A592B862E8A00788599;
					};
				};
			};
			buildConfigurationList = A5DD0A552B862E8A00788599 /* Build configuration list for PBXProject "WeatherApp" */;
			compatibilityVersion = "Xcode 14.0";
			developmentRegion = en;
			hasScannedForEncodings = 0;
			knownRegions = (
				en,
				Base,
			);
			mainGroup = A5DD0A512B862E8A00788599;
			packageReferences = (
				A516D9DF2B871D4E00AB1F4B /* XCRemoteSwiftPackageReference "Swinject" */,
			);
			productRefGroup = A5DD0A5B2B862E8A00788599 /* Products */;
			projectDirPath = "";
			projectRoot = "";
			targets = (
				A5DD0A592B862E8A00788599 /* WeatherApp */,
				A5DD0A6A2B862E8B00788599 /* WeatherAppTests */,
				A5DD0A742B862E8B00788599 /* WeatherAppUITests */,
			);
		};
/* End PBXProject section */

/* Begin PBXResourcesBuildPhase section */
		A5DD0A582B862E8A00788599 /* Resources */ = {
			isa = PBXResourcesBuildPhase;
			buildActionMask = 2147483647;
			files = (
				A5DD0A662B862E8B00788599 /* Preview Assets.xcassets in Resources */,
				A5DD0A622B862E8B00788599 /* Assets.xcassets in Resources */,
			);
			runOnlyForDeploymentPostprocessing = 0;
		};
		A5DD0A692B862E8B00788599 /* Resources */ = {
			isa = PBXResourcesBuildPhase;
			buildActionMask = 2147483647;
			files = (
			);
			runOnlyForDeploymentPostprocessing = 0;
		};
		A5DD0A732B862E8B00788599 /* Resources */ = {
			isa = PBXResourcesBuildPhase;
			buildActionMask = 2147483647;
			files = (
			);
			runOnlyForDeploymentPostprocessing = 0;
		};
/* End PBXResourcesBuildPhase section */

/* Begin PBXSourcesBuildPhase section */
		A5DD0A562B862E8A00788599 /* Sources */ = {
			isa = PBXSourcesBuildPhase;
			buildActionMask = 2147483647;
			files = (
				A5DD0AAA2B862F6400788599 /* WeatherDetail.swift in Sources */,
				A5DD0A8D2B862F3600788599 /* EncryptionHelper.swift in Sources */,
				A559A3672B88B0600060AAEB /* MockApiManager.swift in Sources */,
				A5DD0ABE2B86308200788599 /* WeatherListModule.swift in Sources */,
				A5DD0AB22B86307A00788599 /* AnalyticsHelper.swift in Sources */,
				A5DD0A9C2B862F5400788599 /* AppModule.swift in Sources */,
				A5DD0AAB2B862F6400788599 /* Resource.swift in Sources */,
				A5DD0A922B862F4000788599 /* NetworkClient.swift in Sources */,
				A5DD0A942B862F4000788599 /* NetworkProtocol.swift in Sources */,
				A5DD0AA22B862F5B00788599 /* RepositoryProtocol.swift in Sources */,
				A5DD0A8A2B862F2800788599 /* Strings.swift in Sources */,
				A5DD0ABF2B86308200788599 /* WeatherForecastView.swift in Sources */,
				A5DD0AC02B86308200788599 /* WeatherViewModel.swift in Sources */,
				A5DD0A932B862F4000788599 /* ApiManager.swift in Sources */,
				A559A3682B88B0630060AAEB /* MockRepository.swift in Sources */,
				A5DD0A992B862F4C00788599 /* LocalSettingsProtocol.swift in Sources */,
				A5DD0AAC2B862F6400788599 /* Status.swift in Sources */,
				A5DD0AA12B862F5B00788599 /* WeatherRepository.swift in Sources */,
				A5DD0A982B862F4C00788599 /* LocalPreferences.swift in Sources */,
				A5DD0AA32B862F5B00788599 /* BaseRepository.swift in Sources */,
				A5DD0A5E2B862E8A00788599 /* WeatherApp.swift in Sources */,
				A5DD0AAF2B86305000788599 /* AppSettings.swift in Sources */,
			);
			runOnlyForDeploymentPostprocessing = 0;
		};
		A5DD0A672B862E8B00788599 /* Sources */ = {
			isa = PBXSourcesBuildPhase;
			buildActionMask = 2147483647;
			files = (
				A5DD0A702B862E8B00788599 /* WeatherAppTests.swift in Sources */,
				A559A36A2B88BBBE0060AAEB /* RepositoryTestCases.swift in Sources */,
				A559A36C2B88BDB20060AAEB /* WeatherViewModelTests.swift in Sources */,
			);
			runOnlyForDeploymentPostprocessing = 0;
		};
		A5DD0A712B862E8B00788599 /* Sources */ = {
			isa = PBXSourcesBuildPhase;
			buildActionMask = 2147483647;
			files = (
				A5DD0A7A2B862E8B00788599 /* WeatherAppUITests.swift in Sources */,
				A5DD0A7C2B862E8B00788599 /* WeatherAppUITestsLaunchTests.swift in Sources */,
			);
			runOnlyForDeploymentPostprocessing = 0;
		};
/* End PBXSourcesBuildPhase section */

/* Begin PBXTargetDependency section */
		A5DD0A6D2B862E8B00788599 /* PBXTargetDependency */ = {
			isa = PBXTargetDependency;
			target = A5DD0A592B862E8A00788599 /* WeatherApp */;
			targetProxy = A5DD0A6C2B862E8B00788599 /* PBXContainerItemProxy */;
		};
		A5DD0A772B862E8B00788599 /* PBXTargetDependency */ = {
			isa = PBXTargetDependency;
			target = A5DD0A592B862E8A00788599 /* WeatherApp */;
			targetProxy = A5DD0A762B862E8B00788599 /* PBXContainerItemProxy */;
		};
/* End PBXTargetDependency section */

/* Begin XCBuildConfiguration section */
		A5DD0A7D2B862E8B00788599 /* Debug */ = {
			isa = XCBuildConfiguration;
			buildSettings = {
				ALWAYS_SEARCH_USER_PATHS = NO;
				ASSETCATALOG_COMPILER_GENERATE_SWIFT_ASSET_SYMBOL_EXTENSIONS = YES;
				CLANG_ANALYZER_NONNULL = YES;
				CLANG_ANALYZER_NUMBER_OBJECT_CONVERSION = YES_AGGRESSIVE;
				CLANG_CXX_LANGUAGE_STANDARD = "gnu++20";
				CLANG_ENABLE_MODULES = YES;
				CLANG_ENABLE_OBJC_ARC = YES;
				CLANG_ENABLE_OBJC_WEAK = YES;
				CLANG_WARN_BLOCK_CAPTURE_AUTORELEASING = YES;
				CLANG_WARN_BOOL_CONVERSION = YES;
				CLANG_WARN_COMMA = YES;
				CLANG_WARN_CONSTANT_CONVERSION = YES;
				CLANG_WARN_DEPRECATED_OBJC_IMPLEMENTATIONS = YES;
				CLANG_WARN_DIRECT_OBJC_ISA_USAGE = YES_ERROR;
				CLANG_WARN_DOCUMENTATION_COMMENTS = YES;
				CLANG_WARN_EMPTY_BODY = YES;
				CLANG_WARN_ENUM_CONVERSION = YES;
				CLANG_WARN_INFINITE_RECURSION = YES;
				CLANG_WARN_INT_CONVERSION = YES;
				CLANG_WARN_NON_LITERAL_NULL_CONVERSION = YES;
				CLANG_WARN_OBJC_IMPLICIT_RETAIN_SELF = YES;
				CLANG_WARN_OBJC_LITERAL_CONVERSION = YES;
				CLANG_WARN_OBJC_ROOT_CLASS = YES_ERROR;
				CLANG_WARN_QUOTED_INCLUDE_IN_FRAMEWORK_HEADER = YES;
				CLANG_WARN_RANGE_LOOP_ANALYSIS = YES;
				CLANG_WARN_STRICT_PROTOTYPES = YES;
				CLANG_WARN_SUSPICIOUS_MOVE = YES;
				CLANG_WARN_UNGUARDED_AVAILABILITY = YES_AGGRESSIVE;
				CLANG_WARN_UNREACHABLE_CODE = YES;
				CLANG_WARN__DUPLICATE_METHOD_MATCH = YES;
				COPY_PHASE_STRIP = NO;
				DEBUG_INFORMATION_FORMAT = dwarf;
				ENABLE_STRICT_OBJC_MSGSEND = YES;
				ENABLE_TESTABILITY = YES;
				ENABLE_USER_SCRIPT_SANDBOXING = YES;
				GCC_C_LANGUAGE_STANDARD = gnu17;
				GCC_DYNAMIC_NO_PIC = NO;
				GCC_NO_COMMON_BLOCKS = YES;
				GCC_OPTIMIZATION_LEVEL = 0;
				GCC_PREPROCESSOR_DEFINITIONS = (
					"DEBUG=1",
					"$(inherited)",
				);
				GCC_WARN_64_TO_32_BIT_CONVERSION = YES;
				GCC_WARN_ABOUT_RETURN_TYPE = YES_ERROR;
				GCC_WARN_UNDECLARED_SELECTOR = YES;
				GCC_WARN_UNINITIALIZED_AUTOS = YES_AGGRESSIVE;
				GCC_WARN_UNUSED_FUNCTION = YES;
				GCC_WARN_UNUSED_VARIABLE = YES;
				LOCALIZATION_PREFERS_STRING_CATALOGS = YES;
				MTL_ENABLE_DEBUG_INFO = INCLUDE_SOURCE;
				MTL_FAST_MATH = YES;
				ONLY_ACTIVE_ARCH = YES;
				SWIFT_ACTIVE_COMPILATION_CONDITIONS = "DEBUG $(inherited)";
				SWIFT_OPTIMIZATION_LEVEL = "-Onone";
			};
			name = Debug;
		};
		A5DD0A7E2B862E8B00788599 /* Release */ = {
			isa = XCBuildConfiguration;
			buildSettings = {
				ALWAYS_SEARCH_USER_PATHS = NO;
				ASSETCATALOG_COMPILER_GENERATE_SWIFT_ASSET_SYMBOL_EXTENSIONS = YES;
				CLANG_ANALYZER_NONNULL = YES;
				CLANG_ANALYZER_NUMBER_OBJECT_CONVERSION = YES_AGGRESSIVE;
				CLANG_CXX_LANGUAGE_STANDARD = "gnu++20";
				CLANG_ENABLE_MODULES = YES;
				CLANG_ENABLE_OBJC_ARC = YES;
				CLANG_ENABLE_OBJC_WEAK = YES;
				CLANG_WARN_BLOCK_CAPTURE_AUTORELEASING = YES;
				CLANG_WARN_BOOL_CONVERSION = YES;
				CLANG_WARN_COMMA = YES;
				CLANG_WARN_CONSTANT_CONVERSION = YES;
				CLANG_WARN_DEPRECATED_OBJC_IMPLEMENTATIONS = YES;
				CLANG_WARN_DIRECT_OBJC_ISA_USAGE = YES_ERROR;
				CLANG_WARN_DOCUMENTATION_COMMENTS = YES;
				CLANG_WARN_EMPTY_BODY = YES;
				CLANG_WARN_ENUM_CONVERSION = YES;
				CLANG_WARN_INFINITE_RECURSION = YES;
				CLANG_WARN_INT_CONVERSION = YES;
				CLANG_WARN_NON_LITERAL_NULL_CONVERSION = YES;
				CLANG_WARN_OBJC_IMPLICIT_RETAIN_SELF = YES;
				CLANG_WARN_OBJC_LITERAL_CONVERSION = YES;
				CLANG_WARN_OBJC_ROOT_CLASS = YES_ERROR;
				CLANG_WARN_QUOTED_INCLUDE_IN_FRAMEWORK_HEADER = YES;
				CLANG_WARN_RANGE_LOOP_ANALYSIS = YES;
				CLANG_WARN_STRICT_PROTOTYPES = YES;
				CLANG_WARN_SUSPICIOUS_MOVE = YES;
				CLANG_WARN_UNGUARDED_AVAILABILITY = YES_AGGRESSIVE;
				CLANG_WARN_UNREACHABLE_CODE = YES;
				CLANG_WARN__DUPLICATE_METHOD_MATCH = YES;
				COPY_PHASE_STRIP = NO;
				DEBUG_INFORMATION_FORMAT = "dwarf-with-dsym";
				ENABLE_NS_ASSERTIONS = NO;
				ENABLE_STRICT_OBJC_MSGSEND = YES;
				ENABLE_USER_SCRIPT_SANDBOXING = YES;
				GCC_C_LANGUAGE_STANDARD = gnu17;
				GCC_NO_COMMON_BLOCKS = YES;
				GCC_WARN_64_TO_32_BIT_CONVERSION = YES;
				GCC_WARN_ABOUT_RETURN_TYPE = YES_ERROR;
				GCC_WARN_UNDECLARED_SELECTOR = YES;
				GCC_WARN_UNINITIALIZED_AUTOS = YES_AGGRESSIVE;
				GCC_WARN_UNUSED_FUNCTION = YES;
				GCC_WARN_UNUSED_VARIABLE = YES;
				LOCALIZATION_PREFERS_STRING_CATALOGS = YES;
				MTL_ENABLE_DEBUG_INFO = NO;
				MTL_FAST_MATH = YES;
				SWIFT_COMPILATION_MODE = wholemodule;
			};
			name = Release;
		};
		A5DD0A802B862E8B00788599 /* Debug */ = {
			isa = XCBuildConfiguration;
			buildSettings = {
				ASSETCATALOG_COMPILER_APPICON_NAME = AppIcon;
				ASSETCATALOG_COMPILER_GLOBAL_ACCENT_COLOR_NAME = AccentColor;
				CODE_SIGN_ENTITLEMENTS = WeatherApp/WeatherApp.entitlements;
				CODE_SIGN_STYLE = Automatic;
				CURRENT_PROJECT_VERSION = 1;
				DEVELOPMENT_ASSET_PATHS = "\"WeatherApp/Preview Content\"";
				ENABLE_PREVIEWS = YES;
				GENERATE_INFOPLIST_FILE = YES;
				"INFOPLIST_KEY_UIApplicationSceneManifest_Generation[sdk=iphoneos*]" = YES;
				"INFOPLIST_KEY_UIApplicationSceneManifest_Generation[sdk=iphonesimulator*]" = YES;
				"INFOPLIST_KEY_UIApplicationSupportsIndirectInputEvents[sdk=iphoneos*]" = YES;
				"INFOPLIST_KEY_UIApplicationSupportsIndirectInputEvents[sdk=iphonesimulator*]" = YES;
				"INFOPLIST_KEY_UILaunchScreen_Generation[sdk=iphoneos*]" = YES;
				"INFOPLIST_KEY_UILaunchScreen_Generation[sdk=iphonesimulator*]" = YES;
				"INFOPLIST_KEY_UIStatusBarStyle[sdk=iphoneos*]" = UIStatusBarStyleDefault;
				"INFOPLIST_KEY_UIStatusBarStyle[sdk=iphonesimulator*]" = UIStatusBarStyleDefault;
				INFOPLIST_KEY_UISupportedInterfaceOrientations_iPad = "UIInterfaceOrientationPortrait UIInterfaceOrientationPortraitUpsideDown UIInterfaceOrientationLandscapeLeft UIInterfaceOrientationLandscapeRight";
				INFOPLIST_KEY_UISupportedInterfaceOrientations_iPhone = "UIInterfaceOrientationPortrait UIInterfaceOrientationLandscapeLeft UIInterfaceOrientationLandscapeRight";
				LD_RUNPATH_SEARCH_PATHS = "@executable_path/Frameworks";
				"LD_RUNPATH_SEARCH_PATHS[sdk=macosx*]" = "@executable_path/../Frameworks";
				MACOSX_DEPLOYMENT_TARGET = 14.2;
				MARKETING_VERSION = 1.0;
				PRODUCT_BUNDLE_IDENTIFIER = com.nagarro.WeatherApp;
				PRODUCT_NAME = "$(TARGET_NAME)";
				SDKROOT = auto;
				SUPPORTED_PLATFORMS = "iphoneos iphonesimulator macosx";
				SWIFT_EMIT_LOC_STRINGS = YES;
				SWIFT_VERSION = 5.0;
				TARGETED_DEVICE_FAMILY = "1,2";
			};
			name = Debug;
		};
		A5DD0A812B862E8B00788599 /* Release */ = {
			isa = XCBuildConfiguration;
			buildSettings = {
				ASSETCATALOG_COMPILER_APPICON_NAME = AppIcon;
				ASSETCATALOG_COMPILER_GLOBAL_ACCENT_COLOR_NAME = AccentColor;
				CODE_SIGN_ENTITLEMENTS = WeatherApp/WeatherApp.entitlements;
				CODE_SIGN_STYLE = Automatic;
				CURRENT_PROJECT_VERSION = 1;
				DEVELOPMENT_ASSET_PATHS = "\"WeatherApp/Preview Content\"";
				ENABLE_PREVIEWS = YES;
				GENERATE_INFOPLIST_FILE = YES;
				"INFOPLIST_KEY_UIApplicationSceneManifest_Generation[sdk=iphoneos*]" = YES;
				"INFOPLIST_KEY_UIApplicationSceneManifest_Generation[sdk=iphonesimulator*]" = YES;
				"INFOPLIST_KEY_UIApplicationSupportsIndirectInputEvents[sdk=iphoneos*]" = YES;
				"INFOPLIST_KEY_UIApplicationSupportsIndirectInputEvents[sdk=iphonesimulator*]" = YES;
				"INFOPLIST_KEY_UILaunchScreen_Generation[sdk=iphoneos*]" = YES;
				"INFOPLIST_KEY_UILaunchScreen_Generation[sdk=iphonesimulator*]" = YES;
				"INFOPLIST_KEY_UIStatusBarStyle[sdk=iphoneos*]" = UIStatusBarStyleDefault;
				"INFOPLIST_KEY_UIStatusBarStyle[sdk=iphonesimulator*]" = UIStatusBarStyleDefault;
				INFOPLIST_KEY_UISupportedInterfaceOrientations_iPad = "UIInterfaceOrientationPortrait UIInterfaceOrientationPortraitUpsideDown UIInterfaceOrientationLandscapeLeft UIInterfaceOrientationLandscapeRight";
				INFOPLIST_KEY_UISupportedInterfaceOrientations_iPhone = "UIInterfaceOrientationPortrait UIInterfaceOrientationLandscapeLeft UIInterfaceOrientationLandscapeRight";
				LD_RUNPATH_SEARCH_PATHS = "@executable_path/Frameworks";
				"LD_RUNPATH_SEARCH_PATHS[sdk=macosx*]" = "@executable_path/../Frameworks";
				MACOSX_DEPLOYMENT_TARGET = 14.2;
				MARKETING_VERSION = 1.0;
				PRODUCT_BUNDLE_IDENTIFIER = com.nagarro.WeatherApp;
				PRODUCT_NAME = "$(TARGET_NAME)";
				SDKROOT = auto;
				SUPPORTED_PLATFORMS = "iphoneos iphonesimulator macosx";
				SWIFT_EMIT_LOC_STRINGS = YES;
				SWIFT_VERSION = 5.0;
				TARGETED_DEVICE_FAMILY = "1,2";
			};
			name = Release;
		};
		A5DD0A832B862E8B00788599 /* Debug */ = {
			isa = XCBuildConfiguration;
			buildSettings = {
				ALWAYS_EMBED_SWIFT_STANDARD_LIBRARIES = YES;
				BUNDLE_LOADER = "$(TEST_HOST)";
				CODE_SIGN_STYLE = Automatic;
				CURRENT_PROJECT_VERSION = 1;
				GENERATE_INFOPLIST_FILE = YES;
				MACOSX_DEPLOYMENT_TARGET = 14.2;
				MARKETING_VERSION = 1.0;
				PRODUCT_BUNDLE_IDENTIFIER = com.nagarro.WeatherAppTests;
				PRODUCT_NAME = "$(TARGET_NAME)";
				SDKROOT = auto;
				SUPPORTED_PLATFORMS = "iphoneos iphonesimulator macosx";
				SWIFT_EMIT_LOC_STRINGS = NO;
				SWIFT_VERSION = 5.0;
				TARGETED_DEVICE_FAMILY = "1,2";
				TEST_HOST = "$(BUILT_PRODUCTS_DIR)/WeatherApp.app/$(BUNDLE_EXECUTABLE_FOLDER_PATH)/WeatherApp";
			};
			name = Debug;
		};
		A5DD0A842B862E8B00788599 /* Release */ = {
			isa = XCBuildConfiguration;
			buildSettings = {
				ALWAYS_EMBED_SWIFT_STANDARD_LIBRARIES = YES;
				BUNDLE_LOADER = "$(TEST_HOST)";
				CODE_SIGN_STYLE = Automatic;
				CURRENT_PROJECT_VERSION = 1;
				GENERATE_INFOPLIST_FILE = YES;
				MACOSX_DEPLOYMENT_TARGET = 14.2;
				MARKETING_VERSION = 1.0;
				PRODUCT_BUNDLE_IDENTIFIER = com.nagarro.WeatherAppTests;
				PRODUCT_NAME = "$(TARGET_NAME)";
				SDKROOT = auto;
				SUPPORTED_PLATFORMS = "iphoneos iphonesimulator macosx";
				SWIFT_EMIT_LOC_STRINGS = NO;
				SWIFT_VERSION = 5.0;
				TARGETED_DEVICE_FAMILY = "1,2";
				TEST_HOST = "$(BUILT_PRODUCTS_DIR)/WeatherApp.app/$(BUNDLE_EXECUTABLE_FOLDER_PATH)/WeatherApp";
			};
			name = Release;
		};
		A5DD0A862B862E8B00788599 /* Debug */ = {
			isa = XCBuildConfiguration;
			buildSettings = {
				ALWAYS_EMBED_SWIFT_STANDARD_LIBRARIES = YES;
				CODE_SIGN_STYLE = Automatic;
				CURRENT_PROJECT_VERSION = 1;
				GENERATE_INFOPLIST_FILE = YES;
				MACOSX_DEPLOYMENT_TARGET = 14.2;
				MARKETING_VERSION = 1.0;
				PRODUCT_BUNDLE_IDENTIFIER = com.nagarro.WeatherAppUITests;
				PRODUCT_NAME = "$(TARGET_NAME)";
				SDKROOT = auto;
				SUPPORTED_PLATFORMS = "iphoneos iphonesimulator macosx";
				SWIFT_EMIT_LOC_STRINGS = NO;
				SWIFT_VERSION = 5.0;
				TARGETED_DEVICE_FAMILY = "1,2";
				TEST_TARGET_NAME = WeatherApp;
			};
			name = Debug;
		};
		A5DD0A872B862E8B00788599 /* Release */ = {
			isa = XCBuildConfiguration;
			buildSettings = {
				ALWAYS_EMBED_SWIFT_STANDARD_LIBRARIES = YES;
				CODE_SIGN_STYLE = Automatic;
				CURRENT_PROJECT_VERSION = 1;
				GENERATE_INFOPLIST_FILE = YES;
				MACOSX_DEPLOYMENT_TARGET = 14.2;
				MARKETING_VERSION = 1.0;
				PRODUCT_BUNDLE_IDENTIFIER = com.nagarro.WeatherAppUITests;
				PRODUCT_NAME = "$(TARGET_NAME)";
				SDKROOT = auto;
				SUPPORTED_PLATFORMS = "iphoneos iphonesimulator macosx";
				SWIFT_EMIT_LOC_STRINGS = NO;
				SWIFT_VERSION = 5.0;
				TARGETED_DEVICE_FAMILY = "1,2";
				TEST_TARGET_NAME = WeatherApp;
			};
			name = Release;
		};
/* End XCBuildConfiguration section */

/* Begin XCConfigurationList section */
		A5DD0A552B862E8A00788599 /* Build configuration list for PBXProject "WeatherApp" */ = {
			isa = XCConfigurationList;
			buildConfigurations = (
				A5DD0A7D2B862E8B00788599 /* Debug */,
				A5DD0A7E2B862E8B00788599 /* Release */,
			);
			defaultConfigurationIsVisible = 0;
			defaultConfigurationName = Release;
		};
		A5DD0A7F2B862E8B00788599 /* Build configuration list for PBXNativeTarget "WeatherApp" */ = {
			isa = XCConfigurationList;
			buildConfigurations = (
				A5DD0A802B862E8B00788599 /* Debug */,
				A5DD0A812B862E8B00788599 /* Release */,
			);
			defaultConfigurationIsVisible = 0;
			defaultConfigurationName = Release;
		};
		A5DD0A822B862E8B00788599 /* Build configuration list for PBXNativeTarget "WeatherAppTests" */ = {
			isa = XCConfigurationList;
			buildConfigurations = (
				A5DD0A832B862E8B00788599 /* Debug */,
				A5DD0A842B862E8B00788599 /* Release */,
			);
			defaultConfigurationIsVisible = 0;
			defaultConfigurationName = Release;
		};
		A5DD0A852B862E8B00788599 /* Build configuration list for PBXNativeTarget "WeatherAppUITests" */ = {
			isa = XCConfigurationList;
			buildConfigurations = (
				A5DD0A862B862E8B00788599 /* Debug */,
				A5DD0A872B862E8B00788599 /* Release */,
			);
			defaultConfigurationIsVisible = 0;
			defaultConfigurationName = Release;
		};
/* End XCConfigurationList section */

/* Begin XCRemoteSwiftPackageReference section */
		A516D9DF2B871D4E00AB1F4B /* XCRemoteSwiftPackageReference "Swinject" */ = {
			isa = XCRemoteSwiftPackageReference;
			repositoryURL = "https://github.com/Swinject/Swinject.git";
			requirement = {
				kind = upToNextMajorVersion;
				minimumVersion = 2.8.4;
			};
		};
/* End XCRemoteSwiftPackageReference section */

/* Begin XCSwiftPackageProductDependency section */
		A516D9E02B871D4E00AB1F4B /* Swinject */ = {
			isa = XCSwiftPackageProductDependency;
			package = A516D9DF2B871D4E00AB1F4B /* XCRemoteSwiftPackageReference "Swinject" */;
			productName = Swinject;
		};
/* End XCSwiftPackageProductDependency section */
	};
	rootObject = A5DD0A522B862E8A00788599 /* Project object */;
}
